
Microsoft Visual Studio Solution File, Format Version 12.00
# Visual Studio Version 17
VisualStudioVersion = 17.9.34714.143
MinimumVisualStudioVersion = 10.0.40219.1
Project("{FAE04EC0-301F-11D3-BF4B-00C04F79EFBC}") = "ImpListApp", "ImpListApp.csproj", "{DA9E034D-2D2A-4E1E-827C-370E695D7046}"
EndProject
Global
	GlobalSection(SolutionConfigurationPlatforms) = preSolution
		Debug|Any CPU = Debug|Any CPU
		Release|Any CPU = Release|Any CPU
	EndGlobalSection
	GlobalSection(ProjectConfigurationPlatforms) = postSolution
		{DA9E034D-2D2A-4E1E-827C-370E695D7046}.Debug|Any CPU.ActiveCfg = Debug|Any CPU
		{DA9E034D-2D2A-4E1E-827C-370E695D7046}.Debug|Any CPU.Build.0 = Debug|Any CPU
		{DA9E034D-2D2A-4E1E-827C-370E695D7046}.Release|Any CPU.ActiveCfg = Release|Any CPU
		{DA9E034D-2D2A-4E1E-827C-370E695D7046}.Release|Any CPU.Build.0 = Release|Any CPU
	EndGlobalSection
	GlobalSection(SolutionProperties) = preSolution
		HideSolutionNode = FALSE
	EndGlobalSection
	GlobalSection(ExtensibilityGlobals) = postSolution
		SolutionGuid = {DD177C6F-5AF5-4C4C-835F-632663630044}
	EndGlobalSection
EndGlobal
